
Microsoft Visual Studio Solution File, Format Version 12.00
# Visual Studio Version 17
VisualStudioVersion = 17.2.32516.85
MinimumVisualStudioVersion = 10.0.40219.1
Project("{9A19103F-16F7-4668-BE54-9A1E7A4F7556}") = "PashayanLab1", "PashayanLab1\PashayanLab1.csproj", "{2077480D-2DA3-448E-9200-F5D0AA247EA5}"
EndProject
Project("{2150E333-8FDC-42A3-9474-1A3956D46DE8}") = "Solution Items", "Solution Items", "{635DB83A-ECE0-4A0B-B9F6-B44343524DD5}"
	ProjectSection(SolutionItems) = preProject
		.editorconfig = .editorconfig
	EndProjectSection
EndProject
Global
	GlobalSection(SolutionConfigurationPlatforms) = preSolution
		Debug|Any CPU = Debug|Any CPU
		Release|Any CPU = Release|Any CPU
	EndGlobalSection
	GlobalSection(ProjectConfigurationPlatforms) = postSolution
		{2077480D-2DA3-448E-9200-F5D0AA247EA5}.Debug|Any CPU.ActiveCfg = Debug|Any CPU
		{2077480D-2DA3-448E-9200-F5D0AA247EA5}.Debug|Any CPU.Build.0 = Debug|Any CPU
		{2077480D-2DA3-448E-9200-F5D0AA247EA5}.Release|Any CPU.ActiveCfg = Release|Any CPU
		{2077480D-2DA3-448E-9200-F5D0AA247EA5}.Release|Any CPU.Build.0 = Release|Any CPU
	EndGlobalSection
	GlobalSection(SolutionProperties) = preSolution
		HideSolutionNode = FALSE
	EndGlobalSection
	GlobalSection(ExtensibilityGlobals) = postSolution
		SolutionGuid = {9F12BF80-7AE5-4531-83D5-34925EAFA743}
	EndGlobalSection
EndGlobal
